
Microsoft Visual Studio Solution File, Format Version 12.00
# Visual Studio 15
VisualStudioVersion = 15.0.28010.2003
MinimumVisualStudioVersion = 10.0.40219.1
Project("{FAE04EC0-301F-11D3-BF4B-00C04F79EFBC}") = "InterpolationApp2", "InterpolationApp2\InterpolationApp2.csproj", "{6465FD9E-550C-4C66-BC74-020925795E08}"
EndProject
Global
	GlobalSection(SolutionConfigurationPlatforms) = preSolution
		Debug|Any CPU = Debug|Any CPU
		Release|Any CPU = Release|Any CPU
	EndGlobalSection
	GlobalSection(ProjectConfigurationPlatforms) = postSolution
		{6465FD9E-550C-4C66-BC74-020925795E08}.Debug|Any CPU.ActiveCfg = Debug|Any CPU
		{6465FD9E-550C-4C66-BC74-020925795E08}.Debug|Any CPU.Build.0 = Debug|Any CPU
		{6465FD9E-550C-4C66-BC74-020925795E08}.Release|Any CPU.ActiveCfg = Release|Any CPU
		{6465FD9E-550C-4C66-BC74-020925795E08}.Release|Any CPU.Build.0 = Release|Any CPU
	EndGlobalSection
	GlobalSection(SolutionProperties) = preSolution
		HideSolutionNode = FALSE
	EndGlobalSection
	GlobalSection(ExtensibilityGlobals) = postSolution
		SolutionGuid = {785EF837-1F86-4286-9FD5-273B3DC30E86}
	EndGlobalSection
EndGlobal
